// !$*UTF8*$!
{
	archiveVersion = 1;
	classes = {
	};
	objectVersion = 51;
	objects = {

/* Begin PBXBuildFile section */
		6BD325F422F328F60089DF1B /* AppDelegate.swift in Sources */ = {isa = PBXBuildFile; fileRef = 6BD325F322F328F60089DF1B /* AppDelegate.swift */; };
		6BD325F622F328F60089DF1B /* ViewController.swift in Sources */ = {isa = PBXBuildFile; fileRef = 6BD325F522F328F60089DF1B /* ViewController.swift */; };
		6BD325F922F328F60089DF1B /* Main.storyboard in Resources */ = {isa = PBXBuildFile; fileRef = 6BD325F722F328F60089DF1B /* Main.storyboard */; };
		6BD325FB22F328F70089DF1B /* Assets.xcassets in Resources */ = {isa = PBXBuildFile; fileRef = 6BD325FA22F328F70089DF1B /* Assets.xcassets */; };
		6BD325FE22F328F70089DF1B /* LaunchScreen.storyboard in Resources */ = {isa = PBXBuildFile; fileRef = 6BD325FC22F328F70089DF1B /* LaunchScreen.storyboard */; };
		6BD3260922F328F70089DF1B /* ChatTests.swift in Sources */ = {isa = PBXBuildFile; fileRef = 6BD3260822F328F70089DF1B /* ChatTests.swift */; };
		6BD3261422F328F70089DF1B /* ChatUITests.swift in Sources */ = {isa = PBXBuildFile; fileRef = 6BD3261322F328F70089DF1B /* ChatUITests.swift */; };
		6BD3262E22F32D9F0089DF1B /* RxDataSources.framework in Frameworks */ = {isa = PBXBuildFile; fileRef = 6BD3262622F32D9F0089DF1B /* RxDataSources.framework */; };
		6BD3262F22F32D9F0089DF1B /* RxRelay.framework in Frameworks */ = {isa = PBXBuildFile; fileRef = 6BD3262722F32D9F0089DF1B /* RxRelay.framework */; };
		6BD3263022F32D9F0089DF1B /* Differentiator.framework in Frameworks */ = {isa = PBXBuildFile; fileRef = 6BD3262822F32D9F0089DF1B /* Differentiator.framework */; };
		6BD3263122F32D9F0089DF1B /* SocketIO.framework in Frameworks */ = {isa = PBXBuildFile; fileRef = 6BD3262922F32D9F0089DF1B /* SocketIO.framework */; };
		6BD3263222F32D9F0089DF1B /* SnapKit.framework in Frameworks */ = {isa = PBXBuildFile; fileRef = 6BD3262A22F32D9F0089DF1B /* SnapKit.framework */; };
		6BD3263322F32D9F0089DF1B /* RxCocoa.framework in Frameworks */ = {isa = PBXBuildFile; fileRef = 6BD3262B22F32D9F0089DF1B /* RxCocoa.framework */; };
		6BD3263422F32D9F0089DF1B /* Starscream.framework in Frameworks */ = {isa = PBXBuildFile; fileRef = 6BD3262C22F32D9F0089DF1B /* Starscream.framework */; };
		6BD3263522F32D9F0089DF1B /* RxSwift.framework in Frameworks */ = {isa = PBXBuildFile; fileRef = 6BD3262D22F32D9F0089DF1B /* RxSwift.framework */; };
		6BE6982B22F47FDC00F5ED53 /* ViewControllerFactory.swift in Sources */ = {isa = PBXBuildFile; fileRef = 6BE6982A22F47FDC00F5ED53 /* ViewControllerFactory.swift */; };
		6BE6982E22F4803200F5ED53 /* UIViewController+NibInstantiated.swift in Sources */ = {isa = PBXBuildFile; fileRef = 6BE6982D22F4803200F5ED53 /* UIViewController+NibInstantiated.swift */; };
		6BE6983222F4814600F5ED53 /* LoginViewController.xib in Resources */ = {isa = PBXBuildFile; fileRef = 6BE6983122F4814600F5ED53 /* LoginViewController.xib */; };
		6BE6983422F4815000F5ED53 /* LoginViewController.swift in Sources */ = {isa = PBXBuildFile; fileRef = 6BE6983322F4815000F5ED53 /* LoginViewController.swift */; };
		6BE6983622F484DC00F5ED53 /* LoginRepository.swift in Sources */ = {isa = PBXBuildFile; fileRef = 6BE6983522F484DC00F5ED53 /* LoginRepository.swift */; };
		6BE6983822F484E600F5ED53 /* LoginViewModel.swift in Sources */ = {isa = PBXBuildFile; fileRef = 6BE6983722F484E600F5ED53 /* LoginViewModel.swift */; };
		6BE6983B22F4853600F5ED53 /* APIClient.swift in Sources */ = {isa = PBXBuildFile; fileRef = 6BE6983A22F4853600F5ED53 /* APIClient.swift */; };
		6BE6983D22F4854700F5ED53 /* APIConfig.swift in Sources */ = {isa = PBXBuildFile; fileRef = 6BE6983C22F4854700F5ED53 /* APIConfig.swift */; };
		6BE6983F22F4855700F5ED53 /* HTTPMethod.swift in Sources */ = {isa = PBXBuildFile; fileRef = 6BE6983E22F4855700F5ED53 /* HTTPMethod.swift */; };
		6BE6984122F4856300F5ED53 /* Request.swift in Sources */ = {isa = PBXBuildFile; fileRef = 6BE6984022F4856300F5ED53 /* Request.swift */; };
		6BE6984322F4857700F5ED53 /* URLSessionDataTaskProtocol.swift in Sources */ = {isa = PBXBuildFile; fileRef = 6BE6984222F4857700F5ED53 /* URLSessionDataTaskProtocol.swift */; };
		6BE6984522F4858300F5ED53 /* URLSessionProtocol.swift in Sources */ = {isa = PBXBuildFile; fileRef = 6BE6984422F4858300F5ED53 /* URLSessionProtocol.swift */; };
		6BE6984822F4859800F5ED53 /* Endpoint.swift in Sources */ = {isa = PBXBuildFile; fileRef = 6BE6984722F4859800F5ED53 /* Endpoint.swift */; };
		6BE6984B22F485AD00F5ED53 /* APIManager.swift in Sources */ = {isa = PBXBuildFile; fileRef = 6BE6984A22F485AD00F5ED53 /* APIManager.swift */; };
		6BE6984D22F485B700F5ED53 /* BaseAPIManagerProtocol.swift in Sources */ = {isa = PBXBuildFile; fileRef = 6BE6984C22F485B700F5ED53 /* BaseAPIManagerProtocol.swift */; };
		6BE6985022F485D700F5ED53 /* Result.swift in Sources */ = {isa = PBXBuildFile; fileRef = 6BE6984F22F485D700F5ED53 /* Result.swift */; };
		6BE6985322F4861F00F5ED53 /* ResponseInfo.swift in Sources */ = {isa = PBXBuildFile; fileRef = 6BE6985222F4861F00F5ED53 /* ResponseInfo.swift */; };
		6BE6985522F4868300F5ED53 /* AuthManager.swift in Sources */ = {isa = PBXBuildFile; fileRef = 6BE6985422F4868300F5ED53 /* AuthManager.swift */; };
		6BE6985822F487DB00F5ED53 /* LoginResponse.swift in Sources */ = {isa = PBXBuildFile; fileRef = 6BE6985722F487DB00F5ED53 /* LoginResponse.swift */; };
		6BE6985A22F4886900F5ED53 /* LoginData.swift in Sources */ = {isa = PBXBuildFile; fileRef = 6BE6985922F4886900F5ED53 /* LoginData.swift */; };
		6BE6985C22F488C200F5ED53 /* User.swift in Sources */ = {isa = PBXBuildFile; fileRef = 6BE6985B22F488C200F5ED53 /* User.swift */; };
		6BE6985E22F4892500F5ED53 /* AuthEndpoint.swift in Sources */ = {isa = PBXBuildFile; fileRef = 6BE6985D22F4892500F5ED53 /* AuthEndpoint.swift */; };
/* End PBXBuildFile section */

/* Begin PBXContainerItemProxy section */
		6BD3260522F328F70089DF1B /* PBXContainerItemProxy */ = {
			isa = PBXContainerItemProxy;
			containerPortal = 6BD325E822F328F60089DF1B /* Project object */;
			proxyType = 1;
			remoteGlobalIDString = 6BD325EF22F328F60089DF1B;
			remoteInfo = Chat;
		};
		6BD3261022F328F70089DF1B /* PBXContainerItemProxy */ = {
			isa = PBXContainerItemProxy;
			containerPortal = 6BD325E822F328F60089DF1B /* Project object */;
			proxyType = 1;
			remoteGlobalIDString = 6BD325EF22F328F60089DF1B;
			remoteInfo = Chat;
		};
/* End PBXContainerItemProxy section */

/* Begin PBXFileReference section */
		6BD325F022F328F60089DF1B /* Chat.app */ = {isa = PBXFileReference; explicitFileType = wrapper.application; includeInIndex = 0; path = Chat.app; sourceTree = BUILT_PRODUCTS_DIR; };
		6BD325F322F328F60089DF1B /* AppDelegate.swift */ = {isa = PBXFileReference; lastKnownFileType = sourcecode.swift; path = AppDelegate.swift; sourceTree = "<group>"; };
		6BD325F522F328F60089DF1B /* ViewController.swift */ = {isa = PBXFileReference; lastKnownFileType = sourcecode.swift; path = ViewController.swift; sourceTree = "<group>"; };
		6BD325F822F328F60089DF1B /* Base */ = {isa = PBXFileReference; lastKnownFileType = file.storyboard; name = Base; path = Base.lproj/Main.storyboard; sourceTree = "<group>"; };
		6BD325FA22F328F70089DF1B /* Assets.xcassets */ = {isa = PBXFileReference; lastKnownFileType = folder.assetcatalog; path = Assets.xcassets; sourceTree = "<group>"; };
		6BD325FD22F328F70089DF1B /* Base */ = {isa = PBXFileReference; lastKnownFileType = file.storyboard; name = Base; path = Base.lproj/LaunchScreen.storyboard; sourceTree = "<group>"; };
		6BD325FF22F328F70089DF1B /* Info.plist */ = {isa = PBXFileReference; lastKnownFileType = text.plist.xml; path = Info.plist; sourceTree = "<group>"; };
		6BD3260422F328F70089DF1B /* ChatTests.xctest */ = {isa = PBXFileReference; explicitFileType = wrapper.cfbundle; includeInIndex = 0; path = ChatTests.xctest; sourceTree = BUILT_PRODUCTS_DIR; };
		6BD3260822F328F70089DF1B /* ChatTests.swift */ = {isa = PBXFileReference; lastKnownFileType = sourcecode.swift; path = ChatTests.swift; sourceTree = "<group>"; };
		6BD3260A22F328F70089DF1B /* Info.plist */ = {isa = PBXFileReference; lastKnownFileType = text.plist.xml; path = Info.plist; sourceTree = "<group>"; };
		6BD3260F22F328F70089DF1B /* ChatUITests.xctest */ = {isa = PBXFileReference; explicitFileType = wrapper.cfbundle; includeInIndex = 0; path = ChatUITests.xctest; sourceTree = BUILT_PRODUCTS_DIR; };
		6BD3261322F328F70089DF1B /* ChatUITests.swift */ = {isa = PBXFileReference; lastKnownFileType = sourcecode.swift; path = ChatUITests.swift; sourceTree = "<group>"; };
		6BD3261522F328F70089DF1B /* Info.plist */ = {isa = PBXFileReference; lastKnownFileType = text.plist.xml; path = Info.plist; sourceTree = "<group>"; };
		6BD3262322F32C490089DF1B /* input.xcfilelist */ = {isa = PBXFileReference; lastKnownFileType = text.xcfilelist; path = input.xcfilelist; sourceTree = "<group>"; };
		6BD3262422F32C540089DF1B /* output.xcfilelist */ = {isa = PBXFileReference; lastKnownFileType = text.xcfilelist; path = output.xcfilelist; sourceTree = "<group>"; };
		6BD3262622F32D9F0089DF1B /* RxDataSources.framework */ = {isa = PBXFileReference; lastKnownFileType = wrapper.framework; name = RxDataSources.framework; path = Carthage/Build/iOS/RxDataSources.framework; sourceTree = "<group>"; };
		6BD3262722F32D9F0089DF1B /* RxRelay.framework */ = {isa = PBXFileReference; lastKnownFileType = wrapper.framework; name = RxRelay.framework; path = Carthage/Build/iOS/RxRelay.framework; sourceTree = "<group>"; };
		6BD3262822F32D9F0089DF1B /* Differentiator.framework */ = {isa = PBXFileReference; lastKnownFileType = wrapper.framework; name = Differentiator.framework; path = Carthage/Build/iOS/Differentiator.framework; sourceTree = "<group>"; };
		6BD3262922F32D9F0089DF1B /* SocketIO.framework */ = {isa = PBXFileReference; lastKnownFileType = wrapper.framework; name = SocketIO.framework; path = Carthage/Build/iOS/SocketIO.framework; sourceTree = "<group>"; };
		6BD3262A22F32D9F0089DF1B /* SnapKit.framework */ = {isa = PBXFileReference; lastKnownFileType = wrapper.framework; name = SnapKit.framework; path = Carthage/Build/iOS/SnapKit.framework; sourceTree = "<group>"; };
		6BD3262B22F32D9F0089DF1B /* RxCocoa.framework */ = {isa = PBXFileReference; lastKnownFileType = wrapper.framework; name = RxCocoa.framework; path = Carthage/Build/iOS/RxCocoa.framework; sourceTree = "<group>"; };
		6BD3262C22F32D9F0089DF1B /* Starscream.framework */ = {isa = PBXFileReference; lastKnownFileType = wrapper.framework; name = Starscream.framework; path = Carthage/Build/iOS/Starscream.framework; sourceTree = "<group>"; };
		6BD3262D22F32D9F0089DF1B /* RxSwift.framework */ = {isa = PBXFileReference; lastKnownFileType = wrapper.framework; name = RxSwift.framework; path = Carthage/Build/iOS/RxSwift.framework; sourceTree = "<group>"; };
		6BE6982A22F47FDC00F5ED53 /* ViewControllerFactory.swift */ = {isa = PBXFileReference; lastKnownFileType = sourcecode.swift; path = ViewControllerFactory.swift; sourceTree = "<group>"; };
		6BE6982D22F4803200F5ED53 /* UIViewController+NibInstantiated.swift */ = {isa = PBXFileReference; lastKnownFileType = sourcecode.swift; path = "UIViewController+NibInstantiated.swift"; sourceTree = "<group>"; };
		6BE6983122F4814600F5ED53 /* LoginViewController.xib */ = {isa = PBXFileReference; lastKnownFileType = file.xib; path = LoginViewController.xib; sourceTree = "<group>"; };
		6BE6983322F4815000F5ED53 /* LoginViewController.swift */ = {isa = PBXFileReference; lastKnownFileType = sourcecode.swift; path = LoginViewController.swift; sourceTree = "<group>"; };
		6BE6983522F484DC00F5ED53 /* LoginRepository.swift */ = {isa = PBXFileReference; lastKnownFileType = sourcecode.swift; path = LoginRepository.swift; sourceTree = "<group>"; };
		6BE6983722F484E600F5ED53 /* LoginViewModel.swift */ = {isa = PBXFileReference; lastKnownFileType = sourcecode.swift; path = LoginViewModel.swift; sourceTree = "<group>"; };
		6BE6983A22F4853600F5ED53 /* APIClient.swift */ = {isa = PBXFileReference; lastKnownFileType = sourcecode.swift; path = APIClient.swift; sourceTree = "<group>"; };
		6BE6983C22F4854700F5ED53 /* APIConfig.swift */ = {isa = PBXFileReference; lastKnownFileType = sourcecode.swift; path = APIConfig.swift; sourceTree = "<group>"; };
		6BE6983E22F4855700F5ED53 /* HTTPMethod.swift */ = {isa = PBXFileReference; lastKnownFileType = sourcecode.swift; path = HTTPMethod.swift; sourceTree = "<group>"; };
		6BE6984022F4856300F5ED53 /* Request.swift */ = {isa = PBXFileReference; lastKnownFileType = sourcecode.swift; path = Request.swift; sourceTree = "<group>"; };
		6BE6984222F4857700F5ED53 /* URLSessionDataTaskProtocol.swift */ = {isa = PBXFileReference; lastKnownFileType = sourcecode.swift; path = URLSessionDataTaskProtocol.swift; sourceTree = "<group>"; };
		6BE6984422F4858300F5ED53 /* URLSessionProtocol.swift */ = {isa = PBXFileReference; lastKnownFileType = sourcecode.swift; path = URLSessionProtocol.swift; sourceTree = "<group>"; };
		6BE6984722F4859800F5ED53 /* Endpoint.swift */ = {isa = PBXFileReference; lastKnownFileType = sourcecode.swift; path = Endpoint.swift; sourceTree = "<group>"; };
		6BE6984A22F485AD00F5ED53 /* APIManager.swift */ = {isa = PBXFileReference; lastKnownFileType = sourcecode.swift; path = APIManager.swift; sourceTree = "<group>"; };
		6BE6984C22F485B700F5ED53 /* BaseAPIManagerProtocol.swift */ = {isa = PBXFileReference; lastKnownFileType = sourcecode.swift; path = BaseAPIManagerProtocol.swift; sourceTree = "<group>"; };
		6BE6984F22F485D700F5ED53 /* Result.swift */ = {isa = PBXFileReference; lastKnownFileType = sourcecode.swift; path = Result.swift; sourceTree = "<group>"; };
		6BE6985222F4861F00F5ED53 /* ResponseInfo.swift */ = {isa = PBXFileReference; lastKnownFileType = sourcecode.swift; path = ResponseInfo.swift; sourceTree = "<group>"; };
		6BE6985422F4868300F5ED53 /* AuthManager.swift */ = {isa = PBXFileReference; lastKnownFileType = sourcecode.swift; path = AuthManager.swift; sourceTree = "<group>"; };
		6BE6985722F487DB00F5ED53 /* LoginResponse.swift */ = {isa = PBXFileReference; lastKnownFileType = sourcecode.swift; path = LoginResponse.swift; sourceTree = "<group>"; };
		6BE6985922F4886900F5ED53 /* LoginData.swift */ = {isa = PBXFileReference; lastKnownFileType = sourcecode.swift; path = LoginData.swift; sourceTree = "<group>"; };
		6BE6985B22F488C200F5ED53 /* User.swift */ = {isa = PBXFileReference; lastKnownFileType = sourcecode.swift; path = User.swift; sourceTree = "<group>"; };
		6BE6985D22F4892500F5ED53 /* AuthEndpoint.swift */ = {isa = PBXFileReference; lastKnownFileType = sourcecode.swift; path = AuthEndpoint.swift; sourceTree = "<group>"; };
/* End PBXFileReference section */

/* Begin PBXFrameworksBuildPhase section */
		6BD325ED22F328F60089DF1B /* Frameworks */ = {
			isa = PBXFrameworksBuildPhase;
			buildActionMask = 2147483647;
			files = (
				6BD3262E22F32D9F0089DF1B /* RxDataSources.framework in Frameworks */,
				6BD3262F22F32D9F0089DF1B /* RxRelay.framework in Frameworks */,
				6BD3263022F32D9F0089DF1B /* Differentiator.framework in Frameworks */,
				6BD3263122F32D9F0089DF1B /* SocketIO.framework in Frameworks */,
				6BD3263222F32D9F0089DF1B /* SnapKit.framework in Frameworks */,
				6BD3263322F32D9F0089DF1B /* RxCocoa.framework in Frameworks */,
				6BD3263422F32D9F0089DF1B /* Starscream.framework in Frameworks */,
				6BD3263522F32D9F0089DF1B /* RxSwift.framework in Frameworks */,
			);
			runOnlyForDeploymentPostprocessing = 0;
		};
		6BD3260122F328F70089DF1B /* Frameworks */ = {
			isa = PBXFrameworksBuildPhase;
			buildActionMask = 2147483647;
			files = (
			);
			runOnlyForDeploymentPostprocessing = 0;
		};
		6BD3260C22F328F70089DF1B /* Frameworks */ = {
			isa = PBXFrameworksBuildPhase;
			buildActionMask = 2147483647;
			files = (
			);
			runOnlyForDeploymentPostprocessing = 0;
		};
/* End PBXFrameworksBuildPhase section */

/* Begin PBXGroup section */
		6BD325E722F328F60089DF1B = {
			isa = PBXGroup;
			children = (
				6BD3262422F32C540089DF1B /* output.xcfilelist */,
				6BD3262322F32C490089DF1B /* input.xcfilelist */,
				6BD325F222F328F60089DF1B /* Chat */,
				6BD3260722F328F70089DF1B /* ChatTests */,
				6BD3261222F328F70089DF1B /* ChatUITests */,
				6BD325F122F328F60089DF1B /* Products */,
				6BD3262522F32D9F0089DF1B /* Frameworks */,
			);
			sourceTree = "<group>";
		};
		6BD325F122F328F60089DF1B /* Products */ = {
			isa = PBXGroup;
			children = (
				6BD325F022F328F60089DF1B /* Chat.app */,
				6BD3260422F328F70089DF1B /* ChatTests.xctest */,
				6BD3260F22F328F70089DF1B /* ChatUITests.xctest */,
			);
			name = Products;
			sourceTree = "<group>";
		};
		6BD325F222F328F60089DF1B /* Chat */ = {
			isa = PBXGroup;
			children = (
				6BE6982F22F4813500F5ED53 /* Modules */,
				6BD325FF22F328F70089DF1B /* Info.plist */,
				6BD325F322F328F60089DF1B /* AppDelegate.swift */,
				6BD325F522F328F60089DF1B /* ViewController.swift */,
				6BD325FA22F328F70089DF1B /* Assets.xcassets */,
				6BE6982C22F4802300F5ED53 /* Extensions */,
				6BE6982922F47FD400F5ED53 /* Factory */,
				6BD325FC22F328F70089DF1B /* LaunchScreen.storyboard */,
				6BD325F722F328F60089DF1B /* Main.storyboard */,
			);
			path = Chat;
			sourceTree = "<group>";
		};
		6BD3260722F328F70089DF1B /* ChatTests */ = {
			isa = PBXGroup;
			children = (
				6BD3260822F328F70089DF1B /* ChatTests.swift */,
				6BD3260A22F328F70089DF1B /* Info.plist */,
			);
			path = ChatTests;
			sourceTree = "<group>";
		};
		6BD3261222F328F70089DF1B /* ChatUITests */ = {
			isa = PBXGroup;
			children = (
				6BD3261322F328F70089DF1B /* ChatUITests.swift */,
				6BD3261522F328F70089DF1B /* Info.plist */,
			);
			path = ChatUITests;
			sourceTree = "<group>";
		};
		6BD3262522F32D9F0089DF1B /* Frameworks */ = {
			isa = PBXGroup;
			children = (
				6BD3262822F32D9F0089DF1B /* Differentiator.framework */,
				6BD3262B22F32D9F0089DF1B /* RxCocoa.framework */,
				6BD3262622F32D9F0089DF1B /* RxDataSources.framework */,
				6BD3262722F32D9F0089DF1B /* RxRelay.framework */,
				6BD3262D22F32D9F0089DF1B /* RxSwift.framework */,
				6BD3262A22F32D9F0089DF1B /* SnapKit.framework */,
				6BD3262922F32D9F0089DF1B /* SocketIO.framework */,
				6BD3262C22F32D9F0089DF1B /* Starscream.framework */,
			);
			name = Frameworks;
			sourceTree = "<group>";
		};
		6BE6982922F47FD400F5ED53 /* Factory */ = {
			isa = PBXGroup;
			children = (
				6BE6982A22F47FDC00F5ED53 /* ViewControllerFactory.swift */,
			);
			path = Factory;
			sourceTree = "<group>";
		};
		6BE6982C22F4802300F5ED53 /* Extensions */ = {
			isa = PBXGroup;
			children = (
				6BE6982D22F4803200F5ED53 /* UIViewController+NibInstantiated.swift */,
			);
			path = Extensions;
			sourceTree = "<group>";
		};
		6BE6982F22F4813500F5ED53 /* Modules */ = {
			isa = PBXGroup;
			children = (
				6BE6984E22F485CF00F5ED53 /* Common */,
				6BE6983922F4851300F5ED53 /* API */,
				6BE6983022F4813B00F5ED53 /* Login */,
			);
			path = Modules;
			sourceTree = "<group>";
		};
		6BE6983022F4813B00F5ED53 /* Login */ = {
			isa = PBXGroup;
			children = (
				6BE6983522F484DC00F5ED53 /* LoginRepository.swift */,
				6BE6983322F4815000F5ED53 /* LoginViewController.swift */,
				6BE6983722F484E600F5ED53 /* LoginViewModel.swift */,
				6BE6983122F4814600F5ED53 /* LoginViewController.xib */,
			);
			path = Login;
			sourceTree = "<group>";
		};
		6BE6983922F4851300F5ED53 /* API */ = {
			isa = PBXGroup;
			children = (
				6BE6983A22F4853600F5ED53 /* APIClient.swift */,
				6BE6983C22F4854700F5ED53 /* APIConfig.swift */,
				6BE6983E22F4855700F5ED53 /* HTTPMethod.swift */,
				6BE6984022F4856300F5ED53 /* Request.swift */,
				6BE6984222F4857700F5ED53 /* URLSessionDataTaskProtocol.swift */,
				6BE6984422F4858300F5ED53 /* URLSessionProtocol.swift */,
				6BE6984622F4859200F5ED53 /* Endpoint */,
				6BE6984922F485A700F5ED53 /* Manager */,
				6BE6985122F4861800F5ED53 /* Models */,
			);
			path = API;
			sourceTree = "<group>";
		};
		6BE6984622F4859200F5ED53 /* Endpoint */ = {
			isa = PBXGroup;
			children = (
				6BE6984722F4859800F5ED53 /* Endpoint.swift */,
				6BE6985D22F4892500F5ED53 /* AuthEndpoint.swift */,
			);
			path = Endpoint;
			sourceTree = "<group>";
		};
		6BE6984922F485A700F5ED53 /* Manager */ = {
			isa = PBXGroup;
			children = (
				6BE6984A22F485AD00F5ED53 /* APIManager.swift */,
				6BE6984C22F485B700F5ED53 /* BaseAPIManagerProtocol.swift */,
				6BE6985422F4868300F5ED53 /* AuthManager.swift */,
			);
			path = Manager;
			sourceTree = "<group>";
		};
		6BE6984E22F485CF00F5ED53 /* Common */ = {
			isa = PBXGroup;
			children = (
				6BE6984F22F485D700F5ED53 /* Result.swift */,
			);
			path = Common;
			sourceTree = "<group>";
		};
		6BE6985122F4861800F5ED53 /* Models */ = {
			isa = PBXGroup;
			children = (
				6BE6985622F487D300F5ED53 /* Responses */,
				6BE6985222F4861F00F5ED53 /* ResponseInfo.swift */,
				6BE6985922F4886900F5ED53 /* LoginData.swift */,
				6BE6985B22F488C200F5ED53 /* User.swift */,
			);
			path = Models;
			sourceTree = "<group>";
		};
		6BE6985622F487D300F5ED53 /* Responses */ = {
			isa = PBXGroup;
			children = (
				6BE6985722F487DB00F5ED53 /* LoginResponse.swift */,
			);
			path = Responses;
			sourceTree = "<group>";
		};
/* End PBXGroup section */

/* Begin PBXNativeTarget section */
		6BD325EF22F328F60089DF1B /* Chat */ = {
			isa = PBXNativeTarget;
			buildConfigurationList = 6BD3261822F328F70089DF1B /* Build configuration list for PBXNativeTarget "Chat" */;
			buildPhases = (
				6BD325EC22F328F60089DF1B /* Sources */,
				6BD325ED22F328F60089DF1B /* Frameworks */,
				6BD325EE22F328F60089DF1B /* Resources */,
				6BD3262222F32C180089DF1B /* ShellScript */,
			);
			buildRules = (
			);
			dependencies = (
			);
			name = Chat;
			productName = Chat;
			productReference = 6BD325F022F328F60089DF1B /* Chat.app */;
			productType = "com.apple.product-type.application";
		};
		6BD3260322F328F70089DF1B /* ChatTests */ = {
			isa = PBXNativeTarget;
			buildConfigurationList = 6BD3261B22F328F70089DF1B /* Build configuration list for PBXNativeTarget "ChatTests" */;
			buildPhases = (
				6BD3260022F328F70089DF1B /* Sources */,
				6BD3260122F328F70089DF1B /* Frameworks */,
				6BD3260222F328F70089DF1B /* Resources */,
			);
			buildRules = (
			);
			dependencies = (
				6BD3260622F328F70089DF1B /* PBXTargetDependency */,
			);
			name = ChatTests;
			productName = ChatTests;
			productReference = 6BD3260422F328F70089DF1B /* ChatTests.xctest */;
			productType = "com.apple.product-type.bundle.unit-test";
		};
		6BD3260E22F328F70089DF1B /* ChatUITests */ = {
			isa = PBXNativeTarget;
			buildConfigurationList = 6BD3261E22F328F70089DF1B /* Build configuration list for PBXNativeTarget "ChatUITests" */;
			buildPhases = (
				6BD3260B22F328F70089DF1B /* Sources */,
				6BD3260C22F328F70089DF1B /* Frameworks */,
				6BD3260D22F328F70089DF1B /* Resources */,
			);
			buildRules = (
			);
			dependencies = (
				6BD3261122F328F70089DF1B /* PBXTargetDependency */,
			);
			name = ChatUITests;
			productName = ChatUITests;
			productReference = 6BD3260F22F328F70089DF1B /* ChatUITests.xctest */;
			productType = "com.apple.product-type.bundle.ui-testing";
		};
/* End PBXNativeTarget section */

/* Begin PBXProject section */
		6BD325E822F328F60089DF1B /* Project object */ = {
			isa = PBXProject;
			attributes = {
				LastSwiftUpdateCheck = 1030;
				LastUpgradeCheck = 1030;
				ORGANIZATIONNAME = "Ron Daryl Magno";
				TargetAttributes = {
					6BD325EF22F328F60089DF1B = {
						CreatedOnToolsVersion = 10.3;
					};
					6BD3260322F328F70089DF1B = {
						CreatedOnToolsVersion = 10.3;
						TestTargetID = 6BD325EF22F328F60089DF1B;
					};
					6BD3260E22F328F70089DF1B = {
						CreatedOnToolsVersion = 10.3;
						TestTargetID = 6BD325EF22F328F60089DF1B;
					};
				};
			};
			buildConfigurationList = 6BD325EB22F328F60089DF1B /* Build configuration list for PBXProject "Chat" */;
			compatibilityVersion = "Xcode 9.3";
			developmentRegion = en;
			hasScannedForEncodings = 0;
			knownRegions = (
				en,
				Base,
			);
			mainGroup = 6BD325E722F328F60089DF1B;
			productRefGroup = 6BD325F122F328F60089DF1B /* Products */;
			projectDirPath = "";
			projectRoot = "";
			targets = (
				6BD325EF22F328F60089DF1B /* Chat */,
				6BD3260322F328F70089DF1B /* ChatTests */,
				6BD3260E22F328F70089DF1B /* ChatUITests */,
			);
		};
/* End PBXProject section */

/* Begin PBXResourcesBuildPhase section */
		6BD325EE22F328F60089DF1B /* Resources */ = {
			isa = PBXResourcesBuildPhase;
			buildActionMask = 2147483647;
			files = (
				6BE6983222F4814600F5ED53 /* LoginViewController.xib in Resources */,
				6BD325FE22F328F70089DF1B /* LaunchScreen.storyboard in Resources */,
				6BD325FB22F328F70089DF1B /* Assets.xcassets in Resources */,
				6BD325F922F328F60089DF1B /* Main.storyboard in Resources */,
			);
			runOnlyForDeploymentPostprocessing = 0;
		};
		6BD3260222F328F70089DF1B /* Resources */ = {
			isa = PBXResourcesBuildPhase;
			buildActionMask = 2147483647;
			files = (
			);
			runOnlyForDeploymentPostprocessing = 0;
		};
		6BD3260D22F328F70089DF1B /* Resources */ = {
			isa = PBXResourcesBuildPhase;
			buildActionMask = 2147483647;
			files = (
			);
			runOnlyForDeploymentPostprocessing = 0;
		};
/* End PBXResourcesBuildPhase section */

/* Begin PBXShellScriptBuildPhase section */
		6BD3262222F32C180089DF1B /* ShellScript */ = {
			isa = PBXShellScriptBuildPhase;
			buildActionMask = 2147483647;
			files = (
			);
			inputFileListPaths = (
				"$(SRCROOT)/input.xcfilelist",
			);
			inputPaths = (
			);
			outputFileListPaths = (
				"$(SRCROOT)/output.xcfilelist",
			);
			outputPaths = (
			);
			runOnlyForDeploymentPostprocessing = 0;
			shellPath = /bin/sh;
			shellScript = "/usr/local/bin/carthage copy-frameworks\n";
		};
/* End PBXShellScriptBuildPhase section */

/* Begin PBXSourcesBuildPhase section */
		6BD325EC22F328F60089DF1B /* Sources */ = {
			isa = PBXSourcesBuildPhase;
			buildActionMask = 2147483647;
			files = (
				6BE6984822F4859800F5ED53 /* Endpoint.swift in Sources */,
				6BE6985E22F4892500F5ED53 /* AuthEndpoint.swift in Sources */,
				6BE6982B22F47FDC00F5ED53 /* ViewControllerFactory.swift in Sources */,
				6BE6985A22F4886900F5ED53 /* LoginData.swift in Sources */,
				6BD325F622F328F60089DF1B /* ViewController.swift in Sources */,
				6BE6984322F4857700F5ED53 /* URLSessionDataTaskProtocol.swift in Sources */,
				6BE6982E22F4803200F5ED53 /* UIViewController+NibInstantiated.swift in Sources */,
				6BE6983B22F4853600F5ED53 /* APIClient.swift in Sources */,
				6BE6984122F4856300F5ED53 /* Request.swift in Sources */,
				6BE6983422F4815000F5ED53 /* LoginViewController.swift in Sources */,
				6BE6983D22F4854700F5ED53 /* APIConfig.swift in Sources */,
				6BE6985C22F488C200F5ED53 /* User.swift in Sources */,
				6BE6984D22F485B700F5ED53 /* BaseAPIManagerProtocol.swift in Sources */,
				6BE6984522F4858300F5ED53 /* URLSessionProtocol.swift in Sources */,
				6BD325F422F328F60089DF1B /* AppDelegate.swift in Sources */,
				6BE6983622F484DC00F5ED53 /* LoginRepository.swift in Sources */,
				6BE6984B22F485AD00F5ED53 /* APIManager.swift in Sources */,
				6BE6985822F487DB00F5ED53 /* LoginResponse.swift in Sources */,
				6BE6985522F4868300F5ED53 /* AuthManager.swift in Sources */,
				6BE6985322F4861F00F5ED53 /* ResponseInfo.swift in Sources */,
				6BE6985022F485D700F5ED53 /* Result.swift in Sources */,
				6BE6983F22F4855700F5ED53 /* HTTPMethod.swift in Sources */,
				6BE6983822F484E600F5ED53 /* LoginViewModel.swift in Sources */,
			);
			runOnlyForDeploymentPostprocessing = 0;
		};
		6BD3260022F328F70089DF1B /* Sources */ = {
			isa = PBXSourcesBuildPhase;
			buildActionMask = 2147483647;
			files = (
				6BD3260922F328F70089DF1B /* ChatTests.swift in Sources */,
			);
			runOnlyForDeploymentPostprocessing = 0;
		};
		6BD3260B22F328F70089DF1B /* Sources */ = {
			isa = PBXSourcesBuildPhase;
			buildActionMask = 2147483647;
			files = (
				6BD3261422F328F70089DF1B /* ChatUITests.swift in Sources */,
			);
			runOnlyForDeploymentPostprocessing = 0;
		};
/* End PBXSourcesBuildPhase section */

/* Begin PBXTargetDependency section */
		6BD3260622F328F70089DF1B /* PBXTargetDependency */ = {
			isa = PBXTargetDependency;
			target = 6BD325EF22F328F60089DF1B /* Chat */;
			targetProxy = 6BD3260522F328F70089DF1B /* PBXContainerItemProxy */;
		};
		6BD3261122F328F70089DF1B /* PBXTargetDependency */ = {
			isa = PBXTargetDependency;
			target = 6BD325EF22F328F60089DF1B /* Chat */;
			targetProxy = 6BD3261022F328F70089DF1B /* PBXContainerItemProxy */;
		};
/* End PBXTargetDependency section */

/* Begin PBXVariantGroup section */
		6BD325F722F328F60089DF1B /* Main.storyboard */ = {
			isa = PBXVariantGroup;
			children = (
				6BD325F822F328F60089DF1B /* Base */,
			);
			name = Main.storyboard;
			sourceTree = "<group>";
		};
		6BD325FC22F328F70089DF1B /* LaunchScreen.storyboard */ = {
			isa = PBXVariantGroup;
			children = (
				6BD325FD22F328F70089DF1B /* Base */,
			);
			name = LaunchScreen.storyboard;
			sourceTree = "<group>";
		};
/* End PBXVariantGroup section */

/* Begin XCBuildConfiguration section */
		6BD3261622F328F70089DF1B /* Debug */ = {
			isa = XCBuildConfiguration;
			buildSettings = {
				ALWAYS_SEARCH_USER_PATHS = NO;
				CLANG_ANALYZER_NONNULL = YES;
				CLANG_ANALYZER_NUMBER_OBJECT_CONVERSION = YES_AGGRESSIVE;
				CLANG_CXX_LANGUAGE_STANDARD = "gnu++14";
				CLANG_CXX_LIBRARY = "libc++";
				CLANG_ENABLE_MODULES = YES;
				CLANG_ENABLE_OBJC_ARC = YES;
				CLANG_ENABLE_OBJC_WEAK = YES;
				CLANG_WARN_BLOCK_CAPTURE_AUTORELEASING = YES;
				CLANG_WARN_BOOL_CONVERSION = YES;
				CLANG_WARN_COMMA = YES;
				CLANG_WARN_CONSTANT_CONVERSION = YES;
				CLANG_WARN_DEPRECATED_OBJC_IMPLEMENTATIONS = YES;
				CLANG_WARN_DIRECT_OBJC_ISA_USAGE = YES_ERROR;
				CLANG_WARN_DOCUMENTATION_COMMENTS = YES;
				CLANG_WARN_EMPTY_BODY = YES;
				CLANG_WARN_ENUM_CONVERSION = YES;
				CLANG_WARN_INFINITE_RECURSION = YES;
				CLANG_WARN_INT_CONVERSION = YES;
				CLANG_WARN_NON_LITERAL_NULL_CONVERSION = YES;
				CLANG_WARN_OBJC_IMPLICIT_RETAIN_SELF = YES;
				CLANG_WARN_OBJC_LITERAL_CONVERSION = YES;
				CLANG_WARN_OBJC_ROOT_CLASS = YES_ERROR;
				CLANG_WARN_RANGE_LOOP_ANALYSIS = YES;
				CLANG_WARN_STRICT_PROTOTYPES = YES;
				CLANG_WARN_SUSPICIOUS_MOVE = YES;
				CLANG_WARN_UNGUARDED_AVAILABILITY = YES_AGGRESSIVE;
				CLANG_WARN_UNREACHABLE_CODE = YES;
				CLANG_WARN__DUPLICATE_METHOD_MATCH = YES;
				CODE_SIGN_IDENTITY = "iPhone Developer";
				COPY_PHASE_STRIP = NO;
				DEBUG_INFORMATION_FORMAT = dwarf;
				ENABLE_STRICT_OBJC_MSGSEND = YES;
				ENABLE_TESTABILITY = YES;
				GCC_C_LANGUAGE_STANDARD = gnu11;
				GCC_DYNAMIC_NO_PIC = NO;
				GCC_NO_COMMON_BLOCKS = YES;
				GCC_OPTIMIZATION_LEVEL = 0;
				GCC_PREPROCESSOR_DEFINITIONS = (
					"DEBUG=1",
					"$(inherited)",
				);
				GCC_WARN_64_TO_32_BIT_CONVERSION = YES;
				GCC_WARN_ABOUT_RETURN_TYPE = YES_ERROR;
				GCC_WARN_UNDECLARED_SELECTOR = YES;
				GCC_WARN_UNINITIALIZED_AUTOS = YES_AGGRESSIVE;
				GCC_WARN_UNUSED_FUNCTION = YES;
				GCC_WARN_UNUSED_VARIABLE = YES;
				IPHONEOS_DEPLOYMENT_TARGET = 12.4;
				MTL_ENABLE_DEBUG_INFO = INCLUDE_SOURCE;
				MTL_FAST_MATH = YES;
				ONLY_ACTIVE_ARCH = YES;
				SDKROOT = iphoneos;
				SWIFT_ACTIVE_COMPILATION_CONDITIONS = DEBUG;
				SWIFT_OPTIMIZATION_LEVEL = "-Onone";
			};
			name = Debug;
		};
		6BD3261722F328F70089DF1B /* Release */ = {
			isa = XCBuildConfiguration;
			buildSettings = {
				ALWAYS_SEARCH_USER_PATHS = NO;
				CLANG_ANALYZER_NONNULL = YES;
				CLANG_ANALYZER_NUMBER_OBJECT_CONVERSION = YES_AGGRESSIVE;
				CLANG_CXX_LANGUAGE_STANDARD = "gnu++14";
				CLANG_CXX_LIBRARY = "libc++";
				CLANG_ENABLE_MODULES = YES;
				CLANG_ENABLE_OBJC_ARC = YES;
				CLANG_ENABLE_OBJC_WEAK = YES;
				CLANG_WARN_BLOCK_CAPTURE_AUTORELEASING = YES;
				CLANG_WARN_BOOL_CONVERSION = YES;
				CLANG_WARN_COMMA = YES;
				CLANG_WARN_CONSTANT_CONVERSION = YES;
				CLANG_WARN_DEPRECATED_OBJC_IMPLEMENTATIONS = YES;
				CLANG_WARN_DIRECT_OBJC_ISA_USAGE = YES_ERROR;
				CLANG_WARN_DOCUMENTATION_COMMENTS = YES;
				CLANG_WARN_EMPTY_BODY = YES;
				CLANG_WARN_ENUM_CONVERSION = YES;
				CLANG_WARN_INFINITE_RECURSION = YES;
				CLANG_WARN_INT_CONVERSION = YES;
				CLANG_WARN_NON_LITERAL_NULL_CONVERSION = YES;
				CLANG_WARN_OBJC_IMPLICIT_RETAIN_SELF = YES;
				CLANG_WARN_OBJC_LITERAL_CONVERSION = YES;
				CLANG_WARN_OBJC_ROOT_CLASS = YES_ERROR;
				CLANG_WARN_RANGE_LOOP_ANALYSIS = YES;
				CLANG_WARN_STRICT_PROTOTYPES = YES;
				CLANG_WARN_SUSPICIOUS_MOVE = YES;
				CLANG_WARN_UNGUARDED_AVAILABILITY = YES_AGGRESSIVE;
				CLANG_WARN_UNREACHABLE_CODE = YES;
				CLANG_WARN__DUPLICATE_METHOD_MATCH = YES;
				CODE_SIGN_IDENTITY = "iPhone Developer";
				COPY_PHASE_STRIP = NO;
				DEBUG_INFORMATION_FORMAT = "dwarf-with-dsym";
				ENABLE_NS_ASSERTIONS = NO;
				ENABLE_STRICT_OBJC_MSGSEND = YES;
				GCC_C_LANGUAGE_STANDARD = gnu11;
				GCC_NO_COMMON_BLOCKS = YES;
				GCC_WARN_64_TO_32_BIT_CONVERSION = YES;
				GCC_WARN_ABOUT_RETURN_TYPE = YES_ERROR;
				GCC_WARN_UNDECLARED_SELECTOR = YES;
				GCC_WARN_UNINITIALIZED_AUTOS = YES_AGGRESSIVE;
				GCC_WARN_UNUSED_FUNCTION = YES;
				GCC_WARN_UNUSED_VARIABLE = YES;
				IPHONEOS_DEPLOYMENT_TARGET = 12.4;
				MTL_ENABLE_DEBUG_INFO = NO;
				MTL_FAST_MATH = YES;
				SDKROOT = iphoneos;
				SWIFT_COMPILATION_MODE = wholemodule;
				SWIFT_OPTIMIZATION_LEVEL = "-O";
				VALIDATE_PRODUCT = YES;
			};
			name = Release;
		};
		6BD3261922F328F70089DF1B /* Debug */ = {
			isa = XCBuildConfiguration;
			buildSettings = {
				ASSETCATALOG_COMPILER_APPICON_NAME = AppIcon;
				CODE_SIGN_STYLE = Automatic;
				FRAMEWORK_SEARCH_PATHS = (
					"$(inherited)",
					"$(PROJECT_DIR)/Carthage/Build/iOS",
				);
				INFOPLIST_FILE = Chat/Info.plist;
				LD_RUNPATH_SEARCH_PATHS = (
					"$(inherited)",
					"@executable_path/Frameworks",
				);
				PRODUCT_BUNDLE_IDENTIFIER = com.Chat;
				PRODUCT_NAME = "$(TARGET_NAME)";
				SWIFT_VERSION = 5.0;
				TARGETED_DEVICE_FAMILY = "1,2";
			};
			name = Debug;
		};
		6BD3261A22F328F70089DF1B /* Release */ = {
			isa = XCBuildConfiguration;
			buildSettings = {
				ASSETCATALOG_COMPILER_APPICON_NAME = AppIcon;
				CODE_SIGN_STYLE = Automatic;
				FRAMEWORK_SEARCH_PATHS = (
					"$(inherited)",
					"$(PROJECT_DIR)/Carthage/Build/iOS",
				);
				INFOPLIST_FILE = Chat/Info.plist;
				LD_RUNPATH_SEARCH_PATHS = (
					"$(inherited)",
					"@executable_path/Frameworks",
				);
				PRODUCT_BUNDLE_IDENTIFIER = com.Chat;
				PRODUCT_NAME = "$(TARGET_NAME)";
				SWIFT_VERSION = 5.0;
				TARGETED_DEVICE_FAMILY = "1,2";
			};
			name = Release;
		};
		6BD3261C22F328F70089DF1B /* Debug */ = {
			isa = XCBuildConfiguration;
			buildSettings = {
				ALWAYS_EMBED_SWIFT_STANDARD_LIBRARIES = YES;
				BUNDLE_LOADER = "$(TEST_HOST)";
				CODE_SIGN_STYLE = Automatic;
				INFOPLIST_FILE = ChatTests/Info.plist;
				LD_RUNPATH_SEARCH_PATHS = (
					"$(inherited)",
					"@executable_path/Frameworks",
					"@loader_path/Frameworks",
				);
				PRODUCT_BUNDLE_IDENTIFIER = com.ChatTests;
				PRODUCT_NAME = "$(TARGET_NAME)";
				SWIFT_VERSION = 5.0;
				TARGETED_DEVICE_FAMILY = "1,2";
				TEST_HOST = "$(BUILT_PRODUCTS_DIR)/Chat.app/Chat";
			};
			name = Debug;
		};
		6BD3261D22F328F70089DF1B /* Release */ = {
			isa = XCBuildConfiguration;
			buildSettings = {
				ALWAYS_EMBED_SWIFT_STANDARD_LIBRARIES = YES;
				BUNDLE_LOADER = "$(TEST_HOST)";
				CODE_SIGN_STYLE = Automatic;
				INFOPLIST_FILE = ChatTests/Info.plist;
				LD_RUNPATH_SEARCH_PATHS = (
					"$(inherited)",
					"@executable_path/Frameworks",
					"@loader_path/Frameworks",
				);
				PRODUCT_BUNDLE_IDENTIFIER = com.ChatTests;
				PRODUCT_NAME = "$(TARGET_NAME)";
				SWIFT_VERSION = 5.0;
				TARGETED_DEVICE_FAMILY = "1,2";
				TEST_HOST = "$(BUILT_PRODUCTS_DIR)/Chat.app/Chat";
			};
			name = Release;
		};
		6BD3261F22F328F70089DF1B /* Debug */ = {
			isa = XCBuildConfiguration;
			buildSettings = {
				ALWAYS_EMBED_SWIFT_STANDARD_LIBRARIES = YES;
				CODE_SIGN_STYLE = Automatic;
				INFOPLIST_FILE = ChatUITests/Info.plist;
				LD_RUNPATH_SEARCH_PATHS = (
					"$(inherited)",
					"@executable_path/Frameworks",
					"@loader_path/Frameworks",
				);
				PRODUCT_BUNDLE_IDENTIFIER = com.ChatUITests;
				PRODUCT_NAME = "$(TARGET_NAME)";
				SWIFT_VERSION = 5.0;
				TARGETED_DEVICE_FAMILY = "1,2";
				TEST_TARGET_NAME = Chat;
			};
			name = Debug;
		};
		6BD3262022F328F70089DF1B /* Release */ = {
			isa = XCBuildConfiguration;
			buildSettings = {
				ALWAYS_EMBED_SWIFT_STANDARD_LIBRARIES = YES;
				CODE_SIGN_STYLE = Automatic;
				INFOPLIST_FILE = ChatUITests/Info.plist;
				LD_RUNPATH_SEARCH_PATHS = (
					"$(inherited)",
					"@executable_path/Frameworks",
					"@loader_path/Frameworks",
				);
				PRODUCT_BUNDLE_IDENTIFIER = com.ChatUITests;
				PRODUCT_NAME = "$(TARGET_NAME)";
				SWIFT_VERSION = 5.0;
				TARGETED_DEVICE_FAMILY = "1,2";
				TEST_TARGET_NAME = Chat;
			};
			name = Release;
		};
/* End XCBuildConfiguration section */

/* Begin XCConfigurationList section */
		6BD325EB22F328F60089DF1B /* Build configuration list for PBXProject "Chat" */ = {
			isa = XCConfigurationList;
			buildConfigurations = (
				6BD3261622F328F70089DF1B /* Debug */,
				6BD3261722F328F70089DF1B /* Release */,
			);
			defaultConfigurationIsVisible = 0;
			defaultConfigurationName = Release;
		};
		6BD3261822F328F70089DF1B /* Build configuration list for PBXNativeTarget "Chat" */ = {
			isa = XCConfigurationList;
			buildConfigurations = (
				6BD3261922F328F70089DF1B /* Debug */,
				6BD3261A22F328F70089DF1B /* Release */,
			);
			defaultConfigurationIsVisible = 0;
			defaultConfigurationName = Release;
		};
		6BD3261B22F328F70089DF1B /* Build configuration list for PBXNativeTarget "ChatTests" */ = {
			isa = XCConfigurationList;
			buildConfigurations = (
				6BD3261C22F328F70089DF1B /* Debug */,
				6BD3261D22F328F70089DF1B /* Release */,
			);
			defaultConfigurationIsVisible = 0;
			defaultConfigurationName = Release;
		};
		6BD3261E22F328F70089DF1B /* Build configuration list for PBXNativeTarget "ChatUITests" */ = {
			isa = XCConfigurationList;
			buildConfigurations = (
				6BD3261F22F328F70089DF1B /* Debug */,
				6BD3262022F328F70089DF1B /* Release */,
			);
			defaultConfigurationIsVisible = 0;
			defaultConfigurationName = Release;
		};
/* End XCConfigurationList section */
	};
	rootObject = 6BD325E822F328F60089DF1B /* Project object */;
}
